
Microsoft Visual Studio Solution File, Format Version 12.00
# Visual Studio Version 17
VisualStudioVersion = 17.14.36717.8 d17.14
MinimumVisualStudioVersion = 10.0.40219.1
Project("{FAE04EC0-301F-11D3-BF4B-00C04F79EFBC}") = "Prevod-bankoveho-uctu", "Prevod-bankoveho-uctu\Prevod-bankoveho-uctu.csproj", "{3D053BD0-060A-40C0-B2DB-99CE6F521CA9}"
EndProject
Global
	GlobalSection(SolutionConfigurationPlatforms) = preSolution
		Debug|Any CPU = Debug|Any CPU
		Release|Any CPU = Release|Any CPU
	EndGlobalSection
	GlobalSection(ProjectConfigurationPlatforms) = postSolution
		{3D053BD0-060A-40C0-B2DB-99CE6F521CA9}.Debug|Any CPU.ActiveCfg = Debug|Any CPU
		{3D053BD0-060A-40C0-B2DB-99CE6F521CA9}.Debug|Any CPU.Build.0 = Debug|Any CPU
		{3D053BD0-060A-40C0-B2DB-99CE6F521CA9}.Release|Any CPU.ActiveCfg = Release|Any CPU
		{3D053BD0-060A-40C0-B2DB-99CE6F521CA9}.Release|Any CPU.Build.0 = Release|Any CPU
	EndGlobalSection
	GlobalSection(SolutionProperties) = preSolution
		HideSolutionNode = FALSE
	EndGlobalSection
	GlobalSection(ExtensibilityGlobals) = postSolution
		SolutionGuid = {1854A84C-A743-401D-9987-E4DFA74563BD}
	EndGlobalSection
EndGlobal
